{
  "nodes": {
    "freeRTOS": {
      "flake": false,
      "locked": {
        "lastModified": 1711690658,
        "narHash": "sha256-W1sigFCoDcdMNWGt65Nc4q7mvJhmjqG/OR6dTbfRIAU=",
        "owner": "FreeRTOS",
        "repo": "FreeRTOS-Kernel",
        "rev": "52ee9faa72f2f67f04752c9d89b7b48c804bfa66",
        "type": "github"
      },
      "original": {
        "owner": "FreeRTOS",
        "repo": "FreeRTOS-Kernel",
        "type": "github"
      }
    },
    "nixpkgs": {
      "locked": {
        "lastModified": 1711703276,
        "narHash": "sha256-iMUFArF0WCatKK6RzfUJknjem0H9m4KgorO/p3Dopkk=",
        "owner": "NixOS",
        "repo": "nixpkgs",
        "rev": "d8fe5e6c92d0d190646fb9f1056741a229980089",
        "type": "github"
      },
      "original": {
        "owner": "NixOS",
        "ref": "nixos-unstable",
        "repo": "nixpkgs",
        "type": "github"
      }
    },
    "root": {
      "inputs": {
        "freeRTOS": "freeRTOS",
        "nixpkgs": "nixpkgs"
      }
    }
  },
  "root": "root",
  "version": 7
}
